
Microsoft Visual Studio Solution File, Format Version 12.00
# Visual Studio Version 16
VisualStudioVersion = 16.0.34301.259
MinimumVisualStudioVersion = 10.0.40219.1
Project("{FAE04EC0-301F-11D3-BF4B-00C04F79EFBC}") = "iterationAssignment.cs", "iterationAssignment.cs\iterationAssignment.cs.csproj", "{8AFAC37E-0BCA-4B7E-81F6-E10D54054913}"
EndProject
Global
	GlobalSection(SolutionConfigurationPlatforms) = preSolution
		Debug|Any CPU = Debug|Any CPU
		Release|Any CPU = Release|Any CPU
	EndGlobalSection
	GlobalSection(ProjectConfigurationPlatforms) = postSolution
		{8AFAC37E-0BCA-4B7E-81F6-E10D54054913}.Debug|Any CPU.ActiveCfg = Debug|Any CPU
		{8AFAC37E-0BCA-4B7E-81F6-E10D54054913}.Debug|Any CPU.Build.0 = Debug|Any CPU
		{8AFAC37E-0BCA-4B7E-81F6-E10D54054913}.Release|Any CPU.ActiveCfg = Release|Any CPU
		{8AFAC37E-0BCA-4B7E-81F6-E10D54054913}.Release|Any CPU.Build.0 = Release|Any CPU
	EndGlobalSection
	GlobalSection(SolutionProperties) = preSolution
		HideSolutionNode = FALSE
	EndGlobalSection
	GlobalSection(ExtensibilityGlobals) = postSolution
		SolutionGuid = {B7F1A216-197C-49F6-B84D-0D7B910281DC}
	EndGlobalSection
EndGlobal
