
Microsoft Visual Studio Solution File, Format Version 12.00
# Visual Studio Version 16
VisualStudioVersion = 16.0.34301.259
MinimumVisualStudioVersion = 10.0.40219.1
Project("{FAE04EC0-301F-11D3-BF4B-00C04F79EFBC}") = "stringsPractice", "stringsPractice\stringsPractice.csproj", "{D08ED476-9A32-45D2-846A-E2C2F1355B20}"
EndProject
Global
	GlobalSection(SolutionConfigurationPlatforms) = preSolution
		Debug|Any CPU = Debug|Any CPU
		Release|Any CPU = Release|Any CPU
	EndGlobalSection
	GlobalSection(ProjectConfigurationPlatforms) = postSolution
		{D08ED476-9A32-45D2-846A-E2C2F1355B20}.Debug|Any CPU.ActiveCfg = Debug|Any CPU
		{D08ED476-9A32-45D2-846A-E2C2F1355B20}.Debug|Any CPU.Build.0 = Debug|Any CPU
		{D08ED476-9A32-45D2-846A-E2C2F1355B20}.Release|Any CPU.ActiveCfg = Release|Any CPU
		{D08ED476-9A32-45D2-846A-E2C2F1355B20}.Release|Any CPU.Build.0 = Release|Any CPU
	EndGlobalSection
	GlobalSection(SolutionProperties) = preSolution
		HideSolutionNode = FALSE
	EndGlobalSection
	GlobalSection(ExtensibilityGlobals) = postSolution
		SolutionGuid = {6FADFF9F-AC33-41BB-A0D6-078487286661}
	EndGlobalSection
EndGlobal
