
Microsoft Visual Studio Solution File, Format Version 12.00
# Visual Studio Version 16
VisualStudioVersion = 16.0.34301.259
MinimumVisualStudioVersion = 10.0.40219.1
Project("{FAE04EC0-301F-11D3-BF4B-00C04F79EFBC}") = "Main_Method_Assignment.cs", "Main_Method_Assignment.cs\Main_Method_Assignment.cs.csproj", "{0A6EE259-E1B5-482A-AD5B-D573AABA462F}"
EndProject
Global
	GlobalSection(SolutionConfigurationPlatforms) = preSolution
		Debug|Any CPU = Debug|Any CPU
		Release|Any CPU = Release|Any CPU
	EndGlobalSection
	GlobalSection(ProjectConfigurationPlatforms) = postSolution
		{0A6EE259-E1B5-482A-AD5B-D573AABA462F}.Debug|Any CPU.ActiveCfg = Debug|Any CPU
		{0A6EE259-E1B5-482A-AD5B-D573AABA462F}.Debug|Any CPU.Build.0 = Debug|Any CPU
		{0A6EE259-E1B5-482A-AD5B-D573AABA462F}.Release|Any CPU.ActiveCfg = Release|Any CPU
		{0A6EE259-E1B5-482A-AD5B-D573AABA462F}.Release|Any CPU.Build.0 = Release|Any CPU
	EndGlobalSection
	GlobalSection(SolutionProperties) = preSolution
		HideSolutionNode = FALSE
	EndGlobalSection
	GlobalSection(ExtensibilityGlobals) = postSolution
		SolutionGuid = {42AB47AF-7061-4331-9555-CCBED33BA194}
	EndGlobalSection
EndGlobal
