
Microsoft Visual Studio Solution File, Format Version 12.00
# Visual Studio Version 16
VisualStudioVersion = 16.0.34301.259
MinimumVisualStudioVersion = 10.0.40219.1
Project("{FAE04EC0-301F-11D3-BF4B-00C04F79EFBC}") = "whileStatement.cs", "whileStatement.cs\whileStatement.cs.csproj", "{C2D2B737-5C9F-4C09-BF5F-E4813562A960}"
EndProject
Global
	GlobalSection(SolutionConfigurationPlatforms) = preSolution
		Debug|Any CPU = Debug|Any CPU
		Release|Any CPU = Release|Any CPU
	EndGlobalSection
	GlobalSection(ProjectConfigurationPlatforms) = postSolution
		{C2D2B737-5C9F-4C09-BF5F-E4813562A960}.Debug|Any CPU.ActiveCfg = Debug|Any CPU
		{C2D2B737-5C9F-4C09-BF5F-E4813562A960}.Debug|Any CPU.Build.0 = Debug|Any CPU
		{C2D2B737-5C9F-4C09-BF5F-E4813562A960}.Release|Any CPU.ActiveCfg = Release|Any CPU
		{C2D2B737-5C9F-4C09-BF5F-E4813562A960}.Release|Any CPU.Build.0 = Release|Any CPU
	EndGlobalSection
	GlobalSection(SolutionProperties) = preSolution
		HideSolutionNode = FALSE
	EndGlobalSection
	GlobalSection(ExtensibilityGlobals) = postSolution
		SolutionGuid = {DE76445D-988F-4E27-87D5-9A0CC0B91D10}
	EndGlobalSection
EndGlobal
