
Microsoft Visual Studio Solution File, Format Version 12.00
# Visual Studio Version 16
VisualStudioVersion = 16.0.34407.143
MinimumVisualStudioVersion = 10.0.40219.1
Project("{FAE04EC0-301F-11D3-BF4B-00C04F79EFBC}") = "IntroToMVC", "IntroToMVC\IntroToMVC.csproj", "{2516C1F9-9508-4FAA-B281-7AF441CAC0E1}"
EndProject
Global
	GlobalSection(SolutionConfigurationPlatforms) = preSolution
		Debug|Any CPU = Debug|Any CPU
		Release|Any CPU = Release|Any CPU
	EndGlobalSection
	GlobalSection(ProjectConfigurationPlatforms) = postSolution
		{2516C1F9-9508-4FAA-B281-7AF441CAC0E1}.Debug|Any CPU.ActiveCfg = Debug|Any CPU
		{2516C1F9-9508-4FAA-B281-7AF441CAC0E1}.Debug|Any CPU.Build.0 = Debug|Any CPU
		{2516C1F9-9508-4FAA-B281-7AF441CAC0E1}.Release|Any CPU.ActiveCfg = Release|Any CPU
		{2516C1F9-9508-4FAA-B281-7AF441CAC0E1}.Release|Any CPU.Build.0 = Release|Any CPU
	EndGlobalSection
	GlobalSection(SolutionProperties) = preSolution
		HideSolutionNode = FALSE
	EndGlobalSection
	GlobalSection(ExtensibilityGlobals) = postSolution
		SolutionGuid = {160EBA2E-1F7D-439B-BB4F-1F6D5893AE3F}
	EndGlobalSection
EndGlobal
